
Microsoft Visual Studio Solution File, Format Version 11.00
# Visual Studio 2010
Project("{FAE04EC0-301F-11D3-BF4B-00C04F79EFBC}") = "BlumberNew", "Assembly-CSharp.csproj", "{D6ADAB25-FB9C-6144-4E46-3B39FEE33E77}"
EndProject
Project("{FAE04EC0-301F-11D3-BF4B-00C04F79EFBC}") = "BlumberNew", "Assembly-CSharp-Editor.csproj", "{4C7FD7D2-6C41-B2A5-AAD9-2D45EA30B577}"
EndProject
Global
	GlobalSection(SolutionConfigurationPlatforms) = preSolution
		Debug|Any CPU = Debug|Any CPU
		Release|Any CPU = Release|Any CPU
	EndGlobalSection
	GlobalSection(ProjectConfigurationPlatforms) = postSolution
		{D6ADAB25-FB9C-6144-4E46-3B39FEE33E77}.Debug|Any CPU.ActiveCfg = Debug|Any CPU
		{D6ADAB25-FB9C-6144-4E46-3B39FEE33E77}.Debug|Any CPU.Build.0 = Debug|Any CPU
		{D6ADAB25-FB9C-6144-4E46-3B39FEE33E77}.Release|Any CPU.ActiveCfg = Release|Any CPU
		{D6ADAB25-FB9C-6144-4E46-3B39FEE33E77}.Release|Any CPU.Build.0 = Release|Any CPU
		{4C7FD7D2-6C41-B2A5-AAD9-2D45EA30B577}.Debug|Any CPU.ActiveCfg = Debug|Any CPU
		{4C7FD7D2-6C41-B2A5-AAD9-2D45EA30B577}.Debug|Any CPU.Build.0 = Debug|Any CPU
		{4C7FD7D2-6C41-B2A5-AAD9-2D45EA30B577}.Release|Any CPU.ActiveCfg = Release|Any CPU
		{4C7FD7D2-6C41-B2A5-AAD9-2D45EA30B577}.Release|Any CPU.Build.0 = Release|Any CPU
	EndGlobalSection
	GlobalSection(SolutionProperties) = preSolution
		HideSolutionNode = FALSE
	EndGlobalSection
	GlobalSection(MonoDevelopProperties) = preSolution
		StartupItem = Assembly-CSharp.csproj
	EndGlobalSection
EndGlobal
